<?xml version="1.0" encoding="utf-8"?>
<Project ToolsVersion="4.0" xmlns="http://schemas.microsoft.com/developer/msbuild/2003">
  <ItemGroup>
    <ClCompile Include="GameObject.cpp" />
    <ClCompile Include="Components\Component.cpp">
      <Filter>Components</Filter>
    </ClCompile>
    <ClCompile Include="Managers\GameObjectManager.cpp">
      <Filter>Managers</Filter>
    </ClCompile>
    <ClCompile Include="Managers\GlobalManager.cpp">
      <Filter>Managers</Filter>
    </ClCompile>
    <ClCompile Include="Managers\InputManager.cpp">
      <Filter>Managers</Filter>
    </ClCompile>
    <ClCompile Include="Managers\ResourceManager.cpp">
      <Filter>Managers</Filter>
    </ClCompile>
    <ClCompile Include="Managers\FrameRateController.cpp">
      <Filter>Managers</Filter>
    </ClCompile>
    <ClCompile Include="Managers\Serializer.cpp">
      <Filter>Managers</Filter>
    </ClCompile>
    <ClCompile Include="mainGLTest.cpp" />
    <ClCompile Include="Managers\GraphicsManager.cpp">
      <Filter>Managers</Filter>
    </ClCompile>
    <ClCompile Include="Components\Camera.cpp">
      <Filter>Components</Filter>
    </ClCompile>
    <ClCompile Include="Managers\GameObjectFactory.cpp">
      <Filter>Managers</Filter>
    </ClCompile>
    <ClCompile Include="Managers\PhysicsManager.cpp">
      <Filter>Managers</Filter>
    </ClCompile>
    <ClCompile Include="Managers\EventManager.cpp">
      <Filter>Managers</Filter>
    </ClCompile>
    <ClCompile Include="Managers\CollisionManager.cpp">
      <Filter>Managers</Filter>
    </ClCompile>
    <ClCompile Include="Components\Transform.cpp">
      <Filter>Components\Data</Filter>
    </ClCompile>
    <ClCompile Include="Components\GLRect.cpp">
      <Filter>Components\Data</Filter>
    </ClCompile>
    <ClCompile Include="Components\DirectionIndicator.cpp">
      <Filter>Components\Interface</Filter>
    </ClCompile>
    <ClCompile Include="Components\UpDown.cpp">
      <Filter>Components\AI</Filter>
    </ClCompile>
    <ClCompile Include="Components\PhysicsBody.cpp">
      <Filter>Components\Data</Filter>
    </ClCompile>
    <ClCompile Include="Components\ControllerShip.cpp">
      <Filter>Components\Control</Filter>
    </ClCompile>
    <ClCompile Include="Components\ControllerSlider.cpp">
      <Filter>Components\Control</Filter>
    </ClCompile>
    <ClCompile Include="Components\ShipData.cpp">
      <Filter>Components\Data</Filter>
    </ClCompile>
    <ClCompile Include="Components\FuelMeter.cpp">
      <Filter>Components\Interface</Filter>
    </ClCompile>
    <ClCompile Include="Components\ThrottleMeter.cpp">
      <Filter>Components\Interface</Filter>
    </ClCompile>
    <ClCompile Include="Components\HUDElement.cpp">
      <Filter>Components\Interface</Filter>
    </ClCompile>
    <ClCompile Include="Components\Timer.cpp">
      <Filter>Components\Data</Filter>
    </ClCompile>
    <ClCompile Include="Components\BackgroundGrid.cpp">
      <Filter>Components</Filter>
    </ClCompile>
  </ItemGroup>
  <ItemGroup>
    <ClInclude Include="GameObject.h" />
    <ClInclude Include="Components\Component.h">
      <Filter>Components</Filter>
    </ClInclude>
    <ClInclude Include="Components\ComponentTypes.h">
      <Filter>Components</Filter>
    </ClInclude>
    <ClInclude Include="Managers\GameObjectManager.h">
      <Filter>Managers</Filter>
    </ClInclude>
    <ClInclude Include="Managers\GlobalManager.h">
      <Filter>Managers</Filter>
    </ClInclude>
    <ClInclude Include="Managers\InputManager.h">
      <Filter>Managers</Filter>
    </ClInclude>
    <ClInclude Include="Managers\ResourceManager.h">
      <Filter>Managers</Filter>
    </ClInclude>
    <ClInclude Include="Managers\FrameRateController.h">
      <Filter>Managers</Filter>
    </ClInclude>
    <ClInclude Include="Managers\Serializer.h">
      <Filter>Managers</Filter>
    </ClInclude>
    <ClInclude Include="Managers\GraphicsManager.h">
      <Filter>Managers</Filter>
    </ClInclude>
    <ClInclude Include="Components\Camera.h">
      <Filter>Components</Filter>
    </ClInclude>
    <ClInclude Include="Managers\GameObjectFactory.h">
      <Filter>Managers</Filter>
    </ClInclude>
    <ClInclude Include="Managers\PhysicsManager.h">
      <Filter>Managers</Filter>
    </ClInclude>
    <ClInclude Include="Managers\EventManager.h">
      <Filter>Managers</Filter>
    </ClInclude>
    <ClInclude Include="Managers\CollisionManager.h">
      <Filter>Managers</Filter>
    </ClInclude>
    <ClInclude Include="Components\Transform.h">
      <Filter>Components\Data</Filter>
    </ClInclude>
    <ClInclude Include="Components\GLRect.h">
      <Filter>Components\Data</Filter>
    </ClInclude>
    <ClInclude Include="Components\DirectionIndicator.h">
      <Filter>Components\Interface</Filter>
    </ClInclude>
    <ClInclude Include="Components\UpDown.h">
      <Filter>Components\AI</Filter>
    </ClInclude>
    <ClInclude Include="Components\PhysicsBody.h">
      <Filter>Components\Data</Filter>
    </ClInclude>
    <ClInclude Include="Components\ControllerSlider.h">
      <Filter>Components\Control</Filter>
    </ClInclude>
    <ClInclude Include="Components\ControllerShip.h">
      <Filter>Components\Control</Filter>
    </ClInclude>
    <ClInclude Include="Components\ShipData.h">
      <Filter>Components\Data</Filter>
    </ClInclude>
    <ClInclude Include="Components\FuelMeter.h">
      <Filter>Components\Interface</Filter>
    </ClInclude>
    <ClInclude Include="Components\ThrottleMeter.h">
      <Filter>Components\Interface</Filter>
    </ClInclude>
    <ClInclude Include="Components\HUDElement.h">
      <Filter>Components\Interface</Filter>
    </ClInclude>
    <ClInclude Include="Components\Timer.h">
      <Filter>Components\Data</Filter>
    </ClInclude>
    <ClInclude Include="Components\BackgroundGrid.h">
      <Filter>Components</Filter>
    </ClInclude>
  </ItemGroup>
  <ItemGroup>
    <Filter Include="Components">
      <UniqueIdentifier>{88c12ab9-4dee-4e8b-8f7c-27e390e0150f}</UniqueIdentifier>
    </Filter>
    <Filter Include="Managers">
      <UniqueIdentifier>{5a242c15-1e63-4b58-afd9-a80b173f4aa8}</UniqueIdentifier>
    </Filter>
    <Filter Include="Shaders">
      <UniqueIdentifier>{5b190d9f-e8bb-4f51-8746-c7a8594faeed}</UniqueIdentifier>
    </Filter>
    <Filter Include="Components\Interface">
      <UniqueIdentifier>{33536d63-2244-40b8-8a69-04034ade562d}</UniqueIdentifier>
    </Filter>
    <Filter Include="Components\Data">
      <UniqueIdentifier>{9617c0fc-53af-4022-9bbb-2e979ebc6509}</UniqueIdentifier>
    </Filter>
    <Filter Include="Components\AI">
      <UniqueIdentifier>{46667afd-f82b-4a6f-8a99-609898f8dc06}</UniqueIdentifier>
    </Filter>
    <Filter Include="Components\Control">
      <UniqueIdentifier>{91fa421d-5f79-491e-a2ef-391ab8456079}</UniqueIdentifier>
    </Filter>
  </ItemGroup>
  <ItemGroup>
    <None Include="Shaders\core.vert">
      <Filter>Shaders</Filter>
    </None>
    <None Include="Shaders\core.frag">
      <Filter>Shaders</Filter>
    </None>
  </ItemGroup>
</Project>